
Microsoft Visual Studio Solution File, Format Version 12.00
# Visual Studio Version 16
VisualStudioVersion = 16.0.32802.399
MinimumVisualStudioVersion = 10.0.40219.1
Project("{FAE04EC0-301F-11D3-BF4B-00C04F79EFBC}") = "ConsultaMSDN", "ConsultaMSDN\ConsultaMSDN.csproj", "{95696916-30FE-4406-AEF5-CC01DCCB171C}"
EndProject
Global
	GlobalSection(SolutionConfigurationPlatforms) = preSolution
		Debug|Any CPU = Debug|Any CPU
		Release|Any CPU = Release|Any CPU
	EndGlobalSection
	GlobalSection(ProjectConfigurationPlatforms) = postSolution
		{95696916-30FE-4406-AEF5-CC01DCCB171C}.Debug|Any CPU.ActiveCfg = Debug|Any CPU
		{95696916-30FE-4406-AEF5-CC01DCCB171C}.Debug|Any CPU.Build.0 = Debug|Any CPU
		{95696916-30FE-4406-AEF5-CC01DCCB171C}.Release|Any CPU.ActiveCfg = Release|Any CPU
		{95696916-30FE-4406-AEF5-CC01DCCB171C}.Release|Any CPU.Build.0 = Release|Any CPU
	EndGlobalSection
	GlobalSection(SolutionProperties) = preSolution
		HideSolutionNode = FALSE
	EndGlobalSection
	GlobalSection(ExtensibilityGlobals) = postSolution
		SolutionGuid = {6A60F51A-2DC3-4EA4-848B-8F8B429D01C7}
	EndGlobalSection
EndGlobal
